// !$*UTF8*$!
{
	archiveVersion = 1;
	classes = {
	};
	objectVersion = 46;
	objects = {

/* Begin PBXBuildFile section */
		3B346FBC1C754519005F7CAA /* AppDelegate.swift in Sources */ = {isa = PBXBuildFile; fileRef = 3B346FBB1C754519005F7CAA /* AppDelegate.swift */; };
		3B346FBE1C754519005F7CAA /* ViewController.swift in Sources */ = {isa = PBXBuildFile; fileRef = 3B346FBD1C754519005F7CAA /* ViewController.swift */; };
		3B346FC11C754519005F7CAA /* Main.storyboard in Resources */ = {isa = PBXBuildFile; fileRef = 3B346FBF1C754519005F7CAA /* Main.storyboard */; };
		3B346FC31C754519005F7CAA /* Assets.xcassets in Resources */ = {isa = PBXBuildFile; fileRef = 3B346FC21C754519005F7CAA /* Assets.xcassets */; };
		3B346FC61C754519005F7CAA /* LaunchScreen.storyboard in Resources */ = {isa = PBXBuildFile; fileRef = 3B346FC41C754519005F7CAA /* LaunchScreen.storyboard */; };
		3B346FCE1C75499F005F7CAA /* pokemon.csv in Resources */ = {isa = PBXBuildFile; fileRef = 3B346FCD1C75499F005F7CAA /* pokemon.csv */; };
		3B346FD11C754B9A005F7CAA /* pokemon.swift in Sources */ = {isa = PBXBuildFile; fileRef = 3B346FD01C754B9A005F7CAA /* pokemon.swift */; };
		3B64F27D1C76937000FBFC26 /* PokeCell.swift in Sources */ = {isa = PBXBuildFile; fileRef = 3B64F27C1C76937000FBFC26 /* PokeCell.swift */; };
		3BA41F1F1C793F540037ED52 /* pokemon.ttf in Resources */ = {isa = PBXBuildFile; fileRef = 3BA41F1E1C793F540037ED52 /* pokemon.ttf */; };
		3BA41F211C79440A0037ED52 /* music.mp3 in Resources */ = {isa = PBXBuildFile; fileRef = 3BA41F201C79440A0037ED52 /* music.mp3 */; };
		3BFD9F151C77EE0D00EA3DD8 /* csv.swift in Sources */ = {isa = PBXBuildFile; fileRef = 3BFD9F141C77EE0D00EA3DD8 /* csv.swift */; };
/* End PBXBuildFile section */

/* Begin PBXFileReference section */
		3B346FB81C754519005F7CAA /* pokedex.app */ = {isa = PBXFileReference; explicitFileType = wrapper.application; includeInIndex = 0; path = pokedex.app; sourceTree = BUILT_PRODUCTS_DIR; };
		3B346FBB1C754519005F7CAA /* AppDelegate.swift */ = {isa = PBXFileReference; lastKnownFileType = sourcecode.swift; path = AppDelegate.swift; sourceTree = "<group>"; };
		3B346FBD1C754519005F7CAA /* ViewController.swift */ = {isa = PBXFileReference; lastKnownFileType = sourcecode.swift; path = ViewController.swift; sourceTree = "<group>"; };
		3B346FC01C754519005F7CAA /* Base */ = {isa = PBXFileReference; lastKnownFileType = file.storyboard; name = Base; path = Base.lproj/Main.storyboard; sourceTree = "<group>"; };
		3B346FC21C754519005F7CAA /* Assets.xcassets */ = {isa = PBXFileReference; lastKnownFileType = folder.assetcatalog; path = Assets.xcassets; sourceTree = "<group>"; };
		3B346FC51C754519005F7CAA /* Base */ = {isa = PBXFileReference; lastKnownFileType = file.storyboard; name = Base; path = Base.lproj/LaunchScreen.storyboard; sourceTree = "<group>"; };
		3B346FC71C754519005F7CAA /* Info.plist */ = {isa = PBXFileReference; lastKnownFileType = text.plist.xml; path = Info.plist; sourceTree = "<group>"; };
		3B346FCD1C75499F005F7CAA /* pokemon.csv */ = {isa = PBXFileReference; fileEncoding = 4; lastKnownFileType = text; path = pokemon.csv; sourceTree = "<group>"; };
		3B346FD01C754B9A005F7CAA /* pokemon.swift */ = {isa = PBXFileReference; fileEncoding = 4; lastKnownFileType = sourcecode.swift; path = pokemon.swift; sourceTree = "<group>"; };
		3B64F27C1C76937000FBFC26 /* PokeCell.swift */ = {isa = PBXFileReference; fileEncoding = 4; lastKnownFileType = sourcecode.swift; path = PokeCell.swift; sourceTree = "<group>"; };
		3BA41F1E1C793F540037ED52 /* pokemon.ttf */ = {isa = PBXFileReference; lastKnownFileType = file; path = pokemon.ttf; sourceTree = "<group>"; };
		3BA41F201C79440A0037ED52 /* music.mp3 */ = {isa = PBXFileReference; lastKnownFileType = audio.mp3; path = music.mp3; sourceTree = "<group>"; };
		3BFD9F141C77EE0D00EA3DD8 /* csv.swift */ = {isa = PBXFileReference; fileEncoding = 4; lastKnownFileType = sourcecode.swift; path = csv.swift; sourceTree = "<group>"; };
/* End PBXFileReference section */

/* Begin PBXFrameworksBuildPhase section */
		3B346FB51C754519005F7CAA /* Frameworks */ = {
			isa = PBXFrameworksBuildPhase;
			buildActionMask = 2147483647;
			files = (
			);
			runOnlyForDeploymentPostprocessing = 0;
		};
/* End PBXFrameworksBuildPhase section */

/* Begin PBXGroup section */
		3B346FAF1C754519005F7CAA = {
			isa = PBXGroup;
			children = (
				3B346FBA1C754519005F7CAA /* pokedex */,
				3B346FB91C754519005F7CAA /* Products */,
			);
			sourceTree = "<group>";
		};
		3B346FB91C754519005F7CAA /* Products */ = {
			isa = PBXGroup;
			children = (
				3B346FB81C754519005F7CAA /* pokedex.app */,
			);
			name = Products;
			sourceTree = "<group>";
		};
		3B346FBA1C754519005F7CAA /* pokedex */ = {
			isa = PBXGroup;
			children = (
				3B346FCF1C754B77005F7CAA /* Model */,
				3B64F27B1C7692F100FBFC26 /* View */,
				3BFD9F171C77EE9500EA3DD8 /* Controller */,
				3BFD9F161C77EE5D00EA3DD8 /* Util */,
				3BFD9F181C77EED200EA3DD8 /* Resources */,
				3B346FBB1C754519005F7CAA /* AppDelegate.swift */,
				3B346FBF1C754519005F7CAA /* Main.storyboard */,
				3B346FC21C754519005F7CAA /* Assets.xcassets */,
				3B346FC41C754519005F7CAA /* LaunchScreen.storyboard */,
				3B346FC71C754519005F7CAA /* Info.plist */,
			);
			path = pokedex;
			sourceTree = "<group>";
		};
		3B346FCF1C754B77005F7CAA /* Model */ = {
			isa = PBXGroup;
			children = (
				3B346FD01C754B9A005F7CAA /* pokemon.swift */,
			);
			name = Model;
			sourceTree = "<group>";
		};
		3B64F27B1C7692F100FBFC26 /* View */ = {
			isa = PBXGroup;
			children = (
				3B64F27C1C76937000FBFC26 /* PokeCell.swift */,
			);
			name = View;
			sourceTree = "<group>";
		};
		3BFD9F161C77EE5D00EA3DD8 /* Util */ = {
			isa = PBXGroup;
			children = (
				3BFD9F141C77EE0D00EA3DD8 /* csv.swift */,
			);
			name = Util;
			sourceTree = "<group>";
		};
		3BFD9F171C77EE9500EA3DD8 /* Controller */ = {
			isa = PBXGroup;
			children = (
				3B346FBD1C754519005F7CAA /* ViewController.swift */,
			);
			name = Controller;
			sourceTree = "<group>";
		};
		3BFD9F181C77EED200EA3DD8 /* Resources */ = {
			isa = PBXGroup;
			children = (
				3BA41F201C79440A0037ED52 /* music.mp3 */,
				3BA41F1E1C793F540037ED52 /* pokemon.ttf */,
				3B346FCD1C75499F005F7CAA /* pokemon.csv */,
			);
			name = Resources;
			sourceTree = "<group>";
		};
/* End PBXGroup section */

/* Begin PBXNativeTarget section */
		3B346FB71C754519005F7CAA /* pokedex */ = {
			isa = PBXNativeTarget;
			buildConfigurationList = 3B346FCA1C754519005F7CAA /* Build configuration list for PBXNativeTarget "pokedex" */;
			buildPhases = (
				3B346FB41C754519005F7CAA /* Sources */,
				3B346FB51C754519005F7CAA /* Frameworks */,
				3B346FB61C754519005F7CAA /* Resources */,
			);
			buildRules = (
			);
			dependencies = (
			);
			name = pokedex;
			productName = pokedex;
			productReference = 3B346FB81C754519005F7CAA /* pokedex.app */;
			productType = "com.apple.product-type.application";
		};
/* End PBXNativeTarget section */

/* Begin PBXProject section */
		3B346FB01C754519005F7CAA /* Project object */ = {
			isa = PBXProject;
			attributes = {
				LastSwiftUpdateCheck = 0720;
				LastUpgradeCheck = 0720;
				ORGANIZATIONNAME = "Robert Greenberg";
				TargetAttributes = {
					3B346FB71C754519005F7CAA = {
						CreatedOnToolsVersion = 7.2.1;
					};
				};
			};
			buildConfigurationList = 3B346FB31C754519005F7CAA /* Build configuration list for PBXProject "pokedex" */;
			compatibilityVersion = "Xcode 3.2";
			developmentRegion = English;
			hasScannedForEncodings = 0;
			knownRegions = (
				en,
				Base,
			);
			mainGroup = 3B346FAF1C754519005F7CAA;
			productRefGroup = 3B346FB91C754519005F7CAA /* Products */;
			projectDirPath = "";
			projectRoot = "";
			targets = (
				3B346FB71C754519005F7CAA /* pokedex */,
			);
		};
/* End PBXProject section */

/* Begin PBXResourcesBuildPhase section */
		3B346FB61C754519005F7CAA /* Resources */ = {
			isa = PBXResourcesBuildPhase;
			buildActionMask = 2147483647;
			files = (
				3BA41F1F1C793F540037ED52 /* pokemon.ttf in Resources */,
				3B346FC61C754519005F7CAA /* LaunchScreen.storyboard in Resources */,
				3BA41F211C79440A0037ED52 /* music.mp3 in Resources */,
				3B346FC31C754519005F7CAA /* Assets.xcassets in Resources */,
				3B346FCE1C75499F005F7CAA /* pokemon.csv in Resources */,
				3B346FC11C754519005F7CAA /* Main.storyboard in Resources */,
			);
			runOnlyForDeploymentPostprocessing = 0;
		};
/* End PBXResourcesBuildPhase section */

/* Begin PBXSourcesBuildPhase section */
		3B346FB41C754519005F7CAA /* Sources */ = {
			isa = PBXSourcesBuildPhase;
			buildActionMask = 2147483647;
			files = (
				3B64F27D1C76937000FBFC26 /* PokeCell.swift in Sources */,
				3B346FD11C754B9A005F7CAA /* pokemon.swift in Sources */,
				3B346FBE1C754519005F7CAA /* ViewController.swift in Sources */,
				3B346FBC1C754519005F7CAA /* AppDelegate.swift in Sources */,
				3BFD9F151C77EE0D00EA3DD8 /* csv.swift in Sources */,
			);
			runOnlyForDeploymentPostprocessing = 0;
		};
/* End PBXSourcesBuildPhase section */

/* Begin PBXVariantGroup section */
		3B346FBF1C754519005F7CAA /* Main.storyboard */ = {
			isa = PBXVariantGroup;
			children = (
				3B346FC01C754519005F7CAA /* Base */,
			);
			name = Main.storyboard;
			sourceTree = "<group>";
		};
		3B346FC41C754519005F7CAA /* LaunchScreen.storyboard */ = {
			isa = PBXVariantGroup;
			children = (
				3B346FC51C754519005F7CAA /* Base */,
			);
			name = LaunchScreen.storyboard;
			sourceTree = "<group>";
		};
/* End PBXVariantGroup section */

/* Begin XCBuildConfiguration section */
		3B346FC81C754519005F7CAA /* Debug */ = {
			isa = XCBuildConfiguration;
			buildSettings = {
				ALWAYS_SEARCH_USER_PATHS = NO;
				CLANG_CXX_LANGUAGE_STANDARD = "gnu++0x";
				CLANG_CXX_LIBRARY = "libc++";
				CLANG_ENABLE_MODULES = YES;
				CLANG_ENABLE_OBJC_ARC = YES;
				CLANG_WARN_BOOL_CONVERSION = YES;
				CLANG_WARN_CONSTANT_CONVERSION = YES;
				CLANG_WARN_DIRECT_OBJC_ISA_USAGE = YES_ERROR;
				CLANG_WARN_EMPTY_BODY = YES;
				CLANG_WARN_ENUM_CONVERSION = YES;
				CLANG_WARN_INT_CONVERSION = YES;
				CLANG_WARN_OBJC_ROOT_CLASS = YES_ERROR;
				CLANG_WARN_UNREACHABLE_CODE = YES;
				CLANG_WARN__DUPLICATE_METHOD_MATCH = YES;
				"CODE_SIGN_IDENTITY[sdk=iphoneos*]" = "iPhone Developer";
				COPY_PHASE_STRIP = NO;
				DEBUG_INFORMATION_FORMAT = dwarf;
				ENABLE_STRICT_OBJC_MSGSEND = YES;
				ENABLE_TESTABILITY = YES;
				GCC_C_LANGUAGE_STANDARD = gnu99;
				GCC_DYNAMIC_NO_PIC = NO;
				GCC_NO_COMMON_BLOCKS = YES;
				GCC_OPTIMIZATION_LEVEL = 0;
				GCC_PREPROCESSOR_DEFINITIONS = (
					"DEBUG=1",
					"$(inherited)",
				);
				GCC_WARN_64_TO_32_BIT_CONVERSION = YES;
				GCC_WARN_ABOUT_RETURN_TYPE = YES_ERROR;
				GCC_WARN_UNDECLARED_SELECTOR = YES;
				GCC_WARN_UNINITIALIZED_AUTOS = YES_AGGRESSIVE;
				GCC_WARN_UNUSED_FUNCTION = YES;
				GCC_WARN_UNUSED_VARIABLE = YES;
				IPHONEOS_DEPLOYMENT_TARGET = 9.2;
				MTL_ENABLE_DEBUG_INFO = YES;
				ONLY_ACTIVE_ARCH = YES;
				SDKROOT = iphoneos;
				SWIFT_OPTIMIZATION_LEVEL = "-Onone";
				TARGETED_DEVICE_FAMILY = "1,2";
			};
			name = Debug;
		};
		3B346FC91C754519005F7CAA /* Release */ = {
			isa = XCBuildConfiguration;
			buildSettings = {
				ALWAYS_SEARCH_USER_PATHS = NO;
				CLANG_CXX_LANGUAGE_STANDARD = "gnu++0x";
				CLANG_CXX_LIBRARY = "libc++";
				CLANG_ENABLE_MODULES = YES;
				CLANG_ENABLE_OBJC_ARC = YES;
				CLANG_WARN_BOOL_CONVERSION = YES;
				CLANG_WARN_CONSTANT_CONVERSION = YES;
				CLANG_WARN_DIRECT_OBJC_ISA_USAGE = YES_ERROR;
				CLANG_WARN_EMPTY_BODY = YES;
				CLANG_WARN_ENUM_CONVERSION = YES;
				CLANG_WARN_INT_CONVERSION = YES;
				CLANG_WARN_OBJC_ROOT_CLASS = YES_ERROR;
				CLANG_WARN_UNREACHABLE_CODE = YES;
				CLANG_WARN__DUPLICATE_METHOD_MATCH = YES;
				"CODE_SIGN_IDENTITY[sdk=iphoneos*]" = "iPhone Developer";
				COPY_PHASE_STRIP = NO;
				DEBUG_INFORMATION_FORMAT = "dwarf-with-dsym";
				ENABLE_NS_ASSERTIONS = NO;
				ENABLE_STRICT_OBJC_MSGSEND = YES;
				GCC_C_LANGUAGE_STANDARD = gnu99;
				GCC_NO_COMMON_BLOCKS = YES;
				GCC_WARN_64_TO_32_BIT_CONVERSION = YES;
				GCC_WARN_ABOUT_RETURN_TYPE = YES_ERROR;
				GCC_WARN_UNDECLARED_SELECTOR = YES;
				GCC_WARN_UNINITIALIZED_AUTOS = YES_AGGRESSIVE;
				GCC_WARN_UNUSED_FUNCTION = YES;
				GCC_WARN_UNUSED_VARIABLE = YES;
				IPHONEOS_DEPLOYMENT_TARGET = 9.2;
				MTL_ENABLE_DEBUG_INFO = NO;
				SDKROOT = iphoneos;
				TARGETED_DEVICE_FAMILY = "1,2";
				VALIDATE_PRODUCT = YES;
			};
			name = Release;
		};
		3B346FCB1C754519005F7CAA /* Debug */ = {
			isa = XCBuildConfiguration;
			buildSettings = {
				ASSETCATALOG_COMPILER_APPICON_NAME = AppIcon;
				INFOPLIST_FILE = pokedex/Info.plist;
				LD_RUNPATH_SEARCH_PATHS = "$(inherited) @executable_path/Frameworks";
				PRODUCT_BUNDLE_IDENTIFIER = com.rgbz.pokedex;
				PRODUCT_NAME = "$(TARGET_NAME)";
			};
			name = Debug;
		};
		3B346FCC1C754519005F7CAA /* Release */ = {
			isa = XCBuildConfiguration;
			buildSettings = {
				ASSETCATALOG_COMPILER_APPICON_NAME = AppIcon;
				INFOPLIST_FILE = pokedex/Info.plist;
				LD_RUNPATH_SEARCH_PATHS = "$(inherited) @executable_path/Frameworks";
				PRODUCT_BUNDLE_IDENTIFIER = com.rgbz.pokedex;
				PRODUCT_NAME = "$(TARGET_NAME)";
			};
			name = Release;
		};
/* End XCBuildConfiguration section */

/* Begin XCConfigurationList section */
		3B346FB31C754519005F7CAA /* Build configuration list for PBXProject "pokedex" */ = {
			isa = XCConfigurationList;
			buildConfigurations = (
				3B346FC81C754519005F7CAA /* Debug */,
				3B346FC91C754519005F7CAA /* Release */,
			);
			defaultConfigurationIsVisible = 0;
			defaultConfigurationName = Release;
		};
		3B346FCA1C754519005F7CAA /* Build configuration list for PBXNativeTarget "pokedex" */ = {
			isa = XCConfigurationList;
			buildConfigurations = (
				3B346FCB1C754519005F7CAA /* Debug */,
				3B346FCC1C754519005F7CAA /* Release */,
			);
			defaultConfigurationIsVisible = 0;
			defaultConfigurationName = Release;
		};
/* End XCConfigurationList section */
	};
	rootObject = 3B346FB01C754519005F7CAA /* Project object */;
}
